
Microsoft Visual Studio Solution File, Format Version 12.00
# Visual Studio Version 17
VisualStudioVersion = 17.3.32611.2
MinimumVisualStudioVersion = 10.0.40219.1
Project("{FAE04EC0-301F-11D3-BF4B-00C04F79EFBC}") = "CSharpWebScraper", "CSharpWebScraper\CSharpWebScraper.csproj", "{B5FCDE17-0899-4678-B9B1-D996D7246B5D}"
EndProject
Global
	GlobalSection(SolutionConfigurationPlatforms) = preSolution
		Debug|Any CPU = Debug|Any CPU
		Release|Any CPU = Release|Any CPU
	EndGlobalSection
	GlobalSection(ProjectConfigurationPlatforms) = postSolution
		{B5FCDE17-0899-4678-B9B1-D996D7246B5D}.Debug|Any CPU.ActiveCfg = Debug|Any CPU
		{B5FCDE17-0899-4678-B9B1-D996D7246B5D}.Debug|Any CPU.Build.0 = Debug|Any CPU
		{B5FCDE17-0899-4678-B9B1-D996D7246B5D}.Release|Any CPU.ActiveCfg = Release|Any CPU
		{B5FCDE17-0899-4678-B9B1-D996D7246B5D}.Release|Any CPU.Build.0 = Release|Any CPU
	EndGlobalSection
	GlobalSection(SolutionProperties) = preSolution
		HideSolutionNode = FALSE
	EndGlobalSection
	GlobalSection(ExtensibilityGlobals) = postSolution
		SolutionGuid = {BA08925A-09FE-49A2-8DF4-456DC5D17EF5}
	EndGlobalSection
EndGlobal
